{
  "requires": true,
  "lockfileVersion": 1,
  "dependencies": {
    "react-native-iphone-x-helper": {
      "version": "1.3.1",
      "resolved": "https://registry.npmjs.org/react-native-iphone-x-helper/-/react-native-iphone-x-helper-1.3.1.tgz",
      "integrity": "sha512-HOf0jzRnq2/aFUcdCJ9w9JGzN3gdEg0zFE4FyYlp4jtidqU03D5X7ZegGKfT1EWteR0gPBGp9ye5T5FvSWi9Yg=="
    },
    "react-native-responsive-fontsize": {
      "version": "0.5.0",
      "resolved": "https://registry.npmjs.org/react-native-responsive-fontsize/-/react-native-responsive-fontsize-0.5.0.tgz",
      "integrity": "sha512-yeZ6ub1QhBmK5cwkj2+SzrcNOE5OXS9ritLDF3X7x7X6aRbOGXAOKQ7VoLnctOeLxJla98n+Fcs5+0rtvYwlBA==",
      "requires": {
        "react-native-iphone-x-helper": "^1.3.1"
      }
    }
  }
}
